
Microsoft Visual Studio Solution File, Format Version 12.00
# Visual Studio Version 17
VisualStudioVersion = 17.5.002.0
MinimumVisualStudioVersion = 10.0.40219.1
Project("{9A19103F-16F7-4668-BE54-9A1E7A4F7556}") = "Behavioral_Command", "Behavioral_Command.csproj", "{0B5F8346-AD31-40AA-AF43-957D19839678}"
EndProject
Global
	GlobalSection(SolutionConfigurationPlatforms) = preSolution
		Debug|Any CPU = Debug|Any CPU
		Release|Any CPU = Release|Any CPU
	EndGlobalSection
	GlobalSection(ProjectConfigurationPlatforms) = postSolution
		{0B5F8346-AD31-40AA-AF43-957D19839678}.Debug|Any CPU.ActiveCfg = Debug|Any CPU
		{0B5F8346-AD31-40AA-AF43-957D19839678}.Debug|Any CPU.Build.0 = Debug|Any CPU
		{0B5F8346-AD31-40AA-AF43-957D19839678}.Release|Any CPU.ActiveCfg = Release|Any CPU
		{0B5F8346-AD31-40AA-AF43-957D19839678}.Release|Any CPU.Build.0 = Release|Any CPU
	EndGlobalSection
	GlobalSection(SolutionProperties) = preSolution
		HideSolutionNode = FALSE
	EndGlobalSection
	GlobalSection(ExtensibilityGlobals) = postSolution
		SolutionGuid = {3E0CD57F-0D0A-4A70-992E-A082FD3CA0A6}
	EndGlobalSection
EndGlobal
